// !$*UTF8*$!
{
	archiveVersion = 1;
	classes = {
	};
	objectVersion = 56;
	objects = {

/* Begin PBXBuildFile section */
		2762B28829C94CD9001AF774 /* AppDelegate.swift in Sources */ = {isa = PBXBuildFile; fileRef = 2762B28729C94CD9001AF774 /* AppDelegate.swift */; };
		2762B28A29C94CD9001AF774 /* SceneDelegate.swift in Sources */ = {isa = PBXBuildFile; fileRef = 2762B28929C94CD9001AF774 /* SceneDelegate.swift */; };
		2762B28F29C94CD9001AF774 /* Main.storyboard in Resources */ = {isa = PBXBuildFile; fileRef = 2762B28D29C94CD9001AF774 /* Main.storyboard */; };
		2762B29129C94CDA001AF774 /* Assets.xcassets in Resources */ = {isa = PBXBuildFile; fileRef = 2762B29029C94CDA001AF774 /* Assets.xcassets */; };
		2762B29429C94CDA001AF774 /* LaunchScreen.storyboard in Resources */ = {isa = PBXBuildFile; fileRef = 2762B29229C94CDA001AF774 /* LaunchScreen.storyboard */; };
		2762B29E29CA615C001AF774 /* BookData.swift in Sources */ = {isa = PBXBuildFile; fileRef = 2762B29D29CA615C001AF774 /* BookData.swift */; };
		2762B2A029CA6C62001AF774 /* BookManager.swift in Sources */ = {isa = PBXBuildFile; fileRef = 2762B29F29CA6C62001AF774 /* BookManager.swift */; };
		2762B2A329CA6EBF001AF774 /* BookListTableViewController.swift in Sources */ = {isa = PBXBuildFile; fileRef = 2762B2A229CA6EBF001AF774 /* BookListTableViewController.swift */; };
		2762B2A529CBEC61001AF774 /* BookDetailsTableViewController.swift in Sources */ = {isa = PBXBuildFile; fileRef = 2762B2A429CBEC60001AF774 /* BookDetailsTableViewController.swift */; };
/* End PBXBuildFile section */

/* Begin PBXFileReference section */
		2762B28429C94CD9001AF774 /* iBookList.app */ = {isa = PBXFileReference; explicitFileType = wrapper.application; includeInIndex = 0; path = iBookList.app; sourceTree = BUILT_PRODUCTS_DIR; };
		2762B28729C94CD9001AF774 /* AppDelegate.swift */ = {isa = PBXFileReference; lastKnownFileType = sourcecode.swift; path = AppDelegate.swift; sourceTree = "<group>"; };
		2762B28929C94CD9001AF774 /* SceneDelegate.swift */ = {isa = PBXFileReference; lastKnownFileType = sourcecode.swift; path = SceneDelegate.swift; sourceTree = "<group>"; };
		2762B28E29C94CD9001AF774 /* Base */ = {isa = PBXFileReference; lastKnownFileType = file.storyboard; name = Base; path = Base.lproj/Main.storyboard; sourceTree = "<group>"; };
		2762B29029C94CDA001AF774 /* Assets.xcassets */ = {isa = PBXFileReference; lastKnownFileType = folder.assetcatalog; path = Assets.xcassets; sourceTree = "<group>"; };
		2762B29329C94CDA001AF774 /* Base */ = {isa = PBXFileReference; lastKnownFileType = file.storyboard; name = Base; path = Base.lproj/LaunchScreen.storyboard; sourceTree = "<group>"; };
		2762B29529C94CDA001AF774 /* Info.plist */ = {isa = PBXFileReference; lastKnownFileType = text.plist.xml; path = Info.plist; sourceTree = "<group>"; };
		2762B29D29CA615C001AF774 /* BookData.swift */ = {isa = PBXFileReference; lastKnownFileType = sourcecode.swift; path = BookData.swift; sourceTree = "<group>"; };
		2762B29F29CA6C62001AF774 /* BookManager.swift */ = {isa = PBXFileReference; lastKnownFileType = sourcecode.swift; path = BookManager.swift; sourceTree = "<group>"; };
		2762B2A229CA6EBF001AF774 /* BookListTableViewController.swift */ = {isa = PBXFileReference; lastKnownFileType = sourcecode.swift; path = BookListTableViewController.swift; sourceTree = "<group>"; };
		2762B2A429CBEC60001AF774 /* BookDetailsTableViewController.swift */ = {isa = PBXFileReference; lastKnownFileType = sourcecode.swift; path = BookDetailsTableViewController.swift; sourceTree = "<group>"; };
/* End PBXFileReference section */

/* Begin PBXFrameworksBuildPhase section */
		2762B28129C94CD9001AF774 /* Frameworks */ = {
			isa = PBXFrameworksBuildPhase;
			buildActionMask = 2147483647;
			files = (
			);
			runOnlyForDeploymentPostprocessing = 0;
		};
/* End PBXFrameworksBuildPhase section */

/* Begin PBXGroup section */
		2762B27B29C94CD9001AF774 = {
			isa = PBXGroup;
			children = (
				2762B28629C94CD9001AF774 /* iBookList */,
				2762B28529C94CD9001AF774 /* Products */,
			);
			sourceTree = "<group>";
		};
		2762B28529C94CD9001AF774 /* Products */ = {
			isa = PBXGroup;
			children = (
				2762B28429C94CD9001AF774 /* iBookList.app */,
			);
			name = Products;
			sourceTree = "<group>";
		};
		2762B28629C94CD9001AF774 /* iBookList */ = {
			isa = PBXGroup;
			children = (
				2762B2A129CA6E71001AF774 /* Controllers */,
				2762B29C29CA611C001AF774 /* Models */,
				2762B29B29CA5FBC001AF774 /* Views */,
				2762B28729C94CD9001AF774 /* AppDelegate.swift */,
				2762B28929C94CD9001AF774 /* SceneDelegate.swift */,
				2762B29029C94CDA001AF774 /* Assets.xcassets */,
				2762B29229C94CDA001AF774 /* LaunchScreen.storyboard */,
				2762B29529C94CDA001AF774 /* Info.plist */,
			);
			path = iBookList;
			sourceTree = "<group>";
		};
		2762B29B29CA5FBC001AF774 /* Views */ = {
			isa = PBXGroup;
			children = (
				2762B28D29C94CD9001AF774 /* Main.storyboard */,
			);
			path = Views;
			sourceTree = "<group>";
		};
		2762B29C29CA611C001AF774 /* Models */ = {
			isa = PBXGroup;
			children = (
				2762B29D29CA615C001AF774 /* BookData.swift */,
				2762B29F29CA6C62001AF774 /* BookManager.swift */,
			);
			path = Models;
			sourceTree = "<group>";
		};
		2762B2A129CA6E71001AF774 /* Controllers */ = {
			isa = PBXGroup;
			children = (
				2762B2A229CA6EBF001AF774 /* BookListTableViewController.swift */,
				2762B2A429CBEC60001AF774 /* BookDetailsTableViewController.swift */,
			);
			path = Controllers;
			sourceTree = "<group>";
		};
/* End PBXGroup section */

/* Begin PBXNativeTarget section */
		2762B28329C94CD9001AF774 /* iBookList */ = {
			isa = PBXNativeTarget;
			buildConfigurationList = 2762B29829C94CDA001AF774 /* Build configuration list for PBXNativeTarget "iBookList" */;
			buildPhases = (
				2762B28029C94CD9001AF774 /* Sources */,
				2762B28129C94CD9001AF774 /* Frameworks */,
				2762B28229C94CD9001AF774 /* Resources */,
			);
			buildRules = (
			);
			dependencies = (
			);
			name = iBookList;
			productName = iBookList;
			productReference = 2762B28429C94CD9001AF774 /* iBookList.app */;
			productType = "com.apple.product-type.application";
		};
/* End PBXNativeTarget section */

/* Begin PBXProject section */
		2762B27C29C94CD9001AF774 /* Project object */ = {
			isa = PBXProject;
			attributes = {
				BuildIndependentTargetsInParallel = 1;
				LastSwiftUpdateCheck = 1420;
				LastUpgradeCheck = 1420;
				TargetAttributes = {
					2762B28329C94CD9001AF774 = {
						CreatedOnToolsVersion = 14.2;
					};
				};
			};
			buildConfigurationList = 2762B27F29C94CD9001AF774 /* Build configuration list for PBXProject "iBookList" */;
			compatibilityVersion = "Xcode 14.0";
			developmentRegion = en;
			hasScannedForEncodings = 0;
			knownRegions = (
				en,
				Base,
			);
			mainGroup = 2762B27B29C94CD9001AF774;
			productRefGroup = 2762B28529C94CD9001AF774 /* Products */;
			projectDirPath = "";
			projectRoot = "";
			targets = (
				2762B28329C94CD9001AF774 /* iBookList */,
			);
		};
/* End PBXProject section */

/* Begin PBXResourcesBuildPhase section */
		2762B28229C94CD9001AF774 /* Resources */ = {
			isa = PBXResourcesBuildPhase;
			buildActionMask = 2147483647;
			files = (
				2762B29429C94CDA001AF774 /* LaunchScreen.storyboard in Resources */,
				2762B29129C94CDA001AF774 /* Assets.xcassets in Resources */,
				2762B28F29C94CD9001AF774 /* Main.storyboard in Resources */,
			);
			runOnlyForDeploymentPostprocessing = 0;
		};
/* End PBXResourcesBuildPhase section */

/* Begin PBXSourcesBuildPhase section */
		2762B28029C94CD9001AF774 /* Sources */ = {
			isa = PBXSourcesBuildPhase;
			buildActionMask = 2147483647;
			files = (
				2762B29E29CA615C001AF774 /* BookData.swift in Sources */,
				2762B2A329CA6EBF001AF774 /* BookListTableViewController.swift in Sources */,
				2762B28829C94CD9001AF774 /* AppDelegate.swift in Sources */,
				2762B2A529CBEC61001AF774 /* BookDetailsTableViewController.swift in Sources */,
				2762B2A029CA6C62001AF774 /* BookManager.swift in Sources */,
				2762B28A29C94CD9001AF774 /* SceneDelegate.swift in Sources */,
			);
			runOnlyForDeploymentPostprocessing = 0;
		};
/* End PBXSourcesBuildPhase section */

/* Begin PBXVariantGroup section */
		2762B28D29C94CD9001AF774 /* Main.storyboard */ = {
			isa = PBXVariantGroup;
			children = (
				2762B28E29C94CD9001AF774 /* Base */,
			);
			name = Main.storyboard;
			sourceTree = "<group>";
		};
		2762B29229C94CDA001AF774 /* LaunchScreen.storyboard */ = {
			isa = PBXVariantGroup;
			children = (
				2762B29329C94CDA001AF774 /* Base */,
			);
			name = LaunchScreen.storyboard;
			sourceTree = "<group>";
		};
/* End PBXVariantGroup section */

/* Begin XCBuildConfiguration section */
		2762B29629C94CDA001AF774 /* Debug */ = {
			isa = XCBuildConfiguration;
			buildSettings = {
				ALWAYS_SEARCH_USER_PATHS = NO;
				CLANG_ANALYZER_NONNULL = YES;
				CLANG_ANALYZER_NUMBER_OBJECT_CONVERSION = YES_AGGRESSIVE;
				CLANG_CXX_LANGUAGE_STANDARD = "gnu++20";
				CLANG_ENABLE_MODULES = YES;
				CLANG_ENABLE_OBJC_ARC = YES;
				CLANG_ENABLE_OBJC_WEAK = YES;
				CLANG_WARN_BLOCK_CAPTURE_AUTORELEASING = YES;
				CLANG_WARN_BOOL_CONVERSION = YES;
				CLANG_WARN_COMMA = YES;
				CLANG_WARN_CONSTANT_CONVERSION = YES;
				CLANG_WARN_DEPRECATED_OBJC_IMPLEMENTATIONS = YES;
				CLANG_WARN_DIRECT_OBJC_ISA_USAGE = YES_ERROR;
				CLANG_WARN_DOCUMENTATION_COMMENTS = YES;
				CLANG_WARN_EMPTY_BODY = YES;
				CLANG_WARN_ENUM_CONVERSION = YES;
				CLANG_WARN_INFINITE_RECURSION = YES;
				CLANG_WARN_INT_CONVERSION = YES;
				CLANG_WARN_NON_LITERAL_NULL_CONVERSION = YES;
				CLANG_WARN_OBJC_IMPLICIT_RETAIN_SELF = YES;
				CLANG_WARN_OBJC_LITERAL_CONVERSION = YES;
				CLANG_WARN_OBJC_ROOT_CLASS = YES_ERROR;
				CLANG_WARN_QUOTED_INCLUDE_IN_FRAMEWORK_HEADER = YES;
				CLANG_WARN_RANGE_LOOP_ANALYSIS = YES;
				CLANG_WARN_STRICT_PROTOTYPES = YES;
				CLANG_WARN_SUSPICIOUS_MOVE = YES;
				CLANG_WARN_UNGUARDED_AVAILABILITY = YES_AGGRESSIVE;
				CLANG_WARN_UNREACHABLE_CODE = YES;
				CLANG_WARN__DUPLICATE_METHOD_MATCH = YES;
				COPY_PHASE_STRIP = NO;
				DEBUG_INFORMATION_FORMAT = dwarf;
				ENABLE_STRICT_OBJC_MSGSEND = YES;
				ENABLE_TESTABILITY = YES;
				GCC_C_LANGUAGE_STANDARD = gnu11;
				GCC_DYNAMIC_NO_PIC = NO;
				GCC_NO_COMMON_BLOCKS = YES;
				GCC_OPTIMIZATION_LEVEL = 0;
				GCC_PREPROCESSOR_DEFINITIONS = (
					"DEBUG=1",
					"$(inherited)",
				);
				GCC_WARN_64_TO_32_BIT_CONVERSION = YES;
				GCC_WARN_ABOUT_RETURN_TYPE = YES_ERROR;
				GCC_WARN_UNDECLARED_SELECTOR = YES;
				GCC_WARN_UNINITIALIZED_AUTOS = YES_AGGRESSIVE;
				GCC_WARN_UNUSED_FUNCTION = YES;
				GCC_WARN_UNUSED_VARIABLE = YES;
				IPHONEOS_DEPLOYMENT_TARGET = 16.2;
				MTL_ENABLE_DEBUG_INFO = INCLUDE_SOURCE;
				MTL_FAST_MATH = YES;
				ONLY_ACTIVE_ARCH = YES;
				SDKROOT = iphoneos;
				SWIFT_ACTIVE_COMPILATION_CONDITIONS = DEBUG;
				SWIFT_OPTIMIZATION_LEVEL = "-Onone";
			};
			name = Debug;
		};
		2762B29729C94CDA001AF774 /* Release */ = {
			isa = XCBuildConfiguration;
			buildSettings = {
				ALWAYS_SEARCH_USER_PATHS = NO;
				CLANG_ANALYZER_NONNULL = YES;
				CLANG_ANALYZER_NUMBER_OBJECT_CONVERSION = YES_AGGRESSIVE;
				CLANG_CXX_LANGUAGE_STANDARD = "gnu++20";
				CLANG_ENABLE_MODULES = YES;
				CLANG_ENABLE_OBJC_ARC = YES;
				CLANG_ENABLE_OBJC_WEAK = YES;
				CLANG_WARN_BLOCK_CAPTURE_AUTORELEASING = YES;
				CLANG_WARN_BOOL_CONVERSION = YES;
				CLANG_WARN_COMMA = YES;
				CLANG_WARN_CONSTANT_CONVERSION = YES;
				CLANG_WARN_DEPRECATED_OBJC_IMPLEMENTATIONS = YES;
				CLANG_WARN_DIRECT_OBJC_ISA_USAGE = YES_ERROR;
				CLANG_WARN_DOCUMENTATION_COMMENTS = YES;
				CLANG_WARN_EMPTY_BODY = YES;
				CLANG_WARN_ENUM_CONVERSION = YES;
				CLANG_WARN_INFINITE_RECURSION = YES;
				CLANG_WARN_INT_CONVERSION = YES;
				CLANG_WARN_NON_LITERAL_NULL_CONVERSION = YES;
				CLANG_WARN_OBJC_IMPLICIT_RETAIN_SELF = YES;
				CLANG_WARN_OBJC_LITERAL_CONVERSION = YES;
				CLANG_WARN_OBJC_ROOT_CLASS = YES_ERROR;
				CLANG_WARN_QUOTED_INCLUDE_IN_FRAMEWORK_HEADER = YES;
				CLANG_WARN_RANGE_LOOP_ANALYSIS = YES;
				CLANG_WARN_STRICT_PROTOTYPES = YES;
				CLANG_WARN_SUSPICIOUS_MOVE = YES;
				CLANG_WARN_UNGUARDED_AVAILABILITY = YES_AGGRESSIVE;
				CLANG_WARN_UNREACHABLE_CODE = YES;
				CLANG_WARN__DUPLICATE_METHOD_MATCH = YES;
				COPY_PHASE_STRIP = NO;
				DEBUG_INFORMATION_FORMAT = "dwarf-with-dsym";
				ENABLE_NS_ASSERTIONS = NO;
				ENABLE_STRICT_OBJC_MSGSEND = YES;
				GCC_C_LANGUAGE_STANDARD = gnu11;
				GCC_NO_COMMON_BLOCKS = YES;
				GCC_WARN_64_TO_32_BIT_CONVERSION = YES;
				GCC_WARN_ABOUT_RETURN_TYPE = YES_ERROR;
				GCC_WARN_UNDECLARED_SELECTOR = YES;
				GCC_WARN_UNINITIALIZED_AUTOS = YES_AGGRESSIVE;
				GCC_WARN_UNUSED_FUNCTION = YES;
				GCC_WARN_UNUSED_VARIABLE = YES;
				IPHONEOS_DEPLOYMENT_TARGET = 16.2;
				MTL_ENABLE_DEBUG_INFO = NO;
				MTL_FAST_MATH = YES;
				SDKROOT = iphoneos;
				SWIFT_COMPILATION_MODE = wholemodule;
				SWIFT_OPTIMIZATION_LEVEL = "-O";
				VALIDATE_PRODUCT = YES;
			};
			name = Release;
		};
		2762B29929C94CDA001AF774 /* Debug */ = {
			isa = XCBuildConfiguration;
			buildSettings = {
				ASSETCATALOG_COMPILER_APPICON_NAME = AppIcon;
				ASSETCATALOG_COMPILER_GLOBAL_ACCENT_COLOR_NAME = AccentColor;
				CODE_SIGN_STYLE = Automatic;
				CURRENT_PROJECT_VERSION = 1;
				GENERATE_INFOPLIST_FILE = YES;
				INFOPLIST_FILE = iBookList/Info.plist;
				INFOPLIST_KEY_UIApplicationSupportsIndirectInputEvents = YES;
				INFOPLIST_KEY_UILaunchStoryboardName = LaunchScreen;
				INFOPLIST_KEY_UIMainStoryboardFile = Main;
				INFOPLIST_KEY_UISupportedInterfaceOrientations_iPad = "UIInterfaceOrientationPortrait UIInterfaceOrientationPortraitUpsideDown UIInterfaceOrientationLandscapeLeft UIInterfaceOrientationLandscapeRight";
				INFOPLIST_KEY_UISupportedInterfaceOrientations_iPhone = "UIInterfaceOrientationPortrait UIInterfaceOrientationLandscapeLeft UIInterfaceOrientationLandscapeRight";
				LD_RUNPATH_SEARCH_PATHS = (
					"$(inherited)",
					"@executable_path/Frameworks",
				);
				MARKETING_VERSION = 1.0;
				PRODUCT_BUNDLE_IDENTIFIER = anika.iBookList;
				PRODUCT_NAME = "$(TARGET_NAME)";
				SWIFT_EMIT_LOC_STRINGS = YES;
				SWIFT_VERSION = 5.0;
				TARGETED_DEVICE_FAMILY = "1,2";
			};
			name = Debug;
		};
		2762B29A29C94CDA001AF774 /* Release */ = {
			isa = XCBuildConfiguration;
			buildSettings = {
				ASSETCATALOG_COMPILER_APPICON_NAME = AppIcon;
				ASSETCATALOG_COMPILER_GLOBAL_ACCENT_COLOR_NAME = AccentColor;
				CODE_SIGN_STYLE = Automatic;
				CURRENT_PROJECT_VERSION = 1;
				GENERATE_INFOPLIST_FILE = YES;
				INFOPLIST_FILE = iBookList/Info.plist;
				INFOPLIST_KEY_UIApplicationSupportsIndirectInputEvents = YES;
				INFOPLIST_KEY_UILaunchStoryboardName = LaunchScreen;
				INFOPLIST_KEY_UIMainStoryboardFile = Main;
				INFOPLIST_KEY_UISupportedInterfaceOrientations_iPad = "UIInterfaceOrientationPortrait UIInterfaceOrientationPortraitUpsideDown UIInterfaceOrientationLandscapeLeft UIInterfaceOrientationLandscapeRight";
				INFOPLIST_KEY_UISupportedInterfaceOrientations_iPhone = "UIInterfaceOrientationPortrait UIInterfaceOrientationLandscapeLeft UIInterfaceOrientationLandscapeRight";
				LD_RUNPATH_SEARCH_PATHS = (
					"$(inherited)",
					"@executable_path/Frameworks",
				);
				MARKETING_VERSION = 1.0;
				PRODUCT_BUNDLE_IDENTIFIER = anika.iBookList;
				PRODUCT_NAME = "$(TARGET_NAME)";
				SWIFT_EMIT_LOC_STRINGS = YES;
				SWIFT_VERSION = 5.0;
				TARGETED_DEVICE_FAMILY = "1,2";
			};
			name = Release;
		};
/* End XCBuildConfiguration section */

/* Begin XCConfigurationList section */
		2762B27F29C94CD9001AF774 /* Build configuration list for PBXProject "iBookList" */ = {
			isa = XCConfigurationList;
			buildConfigurations = (
				2762B29629C94CDA001AF774 /* Debug */,
				2762B29729C94CDA001AF774 /* Release */,
			);
			defaultConfigurationIsVisible = 0;
			defaultConfigurationName = Release;
		};
		2762B29829C94CDA001AF774 /* Build configuration list for PBXNativeTarget "iBookList" */ = {
			isa = XCConfigurationList;
			buildConfigurations = (
				2762B29929C94CDA001AF774 /* Debug */,
				2762B29A29C94CDA001AF774 /* Release */,
			);
			defaultConfigurationIsVisible = 0;
			defaultConfigurationName = Release;
		};
/* End XCConfigurationList section */
	};
	rootObject = 2762B27C29C94CD9001AF774 /* Project object */;
}
